
Microsoft Visual Studio Solution File, Format Version 12.00
# Visual Studio Version 16
VisualStudioVersion = 16.0.30717.126
MinimumVisualStudioVersion = 10.0.40219.1
Project("{FAE04EC0-301F-11D3-BF4B-00C04F79EFBC}") = "DatingApp", "DatingApp\DatingApp.csproj", "{F396174A-664F-45FE-972B-C8F3442E3EA9}"
EndProject
Global
	GlobalSection(SolutionConfigurationPlatforms) = preSolution
		Debug|Any CPU = Debug|Any CPU
		Release|Any CPU = Release|Any CPU
	EndGlobalSection
	GlobalSection(ProjectConfigurationPlatforms) = postSolution
		{F396174A-664F-45FE-972B-C8F3442E3EA9}.Debug|Any CPU.ActiveCfg = Debug|Any CPU
		{F396174A-664F-45FE-972B-C8F3442E3EA9}.Debug|Any CPU.Build.0 = Debug|Any CPU
		{F396174A-664F-45FE-972B-C8F3442E3EA9}.Release|Any CPU.ActiveCfg = Release|Any CPU
		{F396174A-664F-45FE-972B-C8F3442E3EA9}.Release|Any CPU.Build.0 = Release|Any CPU
	EndGlobalSection
	GlobalSection(SolutionProperties) = preSolution
		HideSolutionNode = FALSE
	EndGlobalSection
	GlobalSection(ExtensibilityGlobals) = postSolution
		SolutionGuid = {842B2F73-F090-490C-9D77-AD9A26C394D1}
	EndGlobalSection
EndGlobal
